// !$*UTF8*$!
{
	archiveVersion = 1;
	classes = {
	};
	objectVersion = 56;
	objects = {

/* Begin PBXBuildFile section */
		RA000001 /* RogersApp.swift in Sources */ = {isa = PBXBuildFile; fileRef = RB000001; };
		RA000002 /* RogersCoordinator.swift in Sources */ = {isa = PBXBuildFile; fileRef = RB000002; };
		RA000003 /* ThreadReader.swift in Sources */ = {isa = PBXBuildFile; fileRef = RB000003; };
		RA000004 /* SessionStore.swift in Sources */ = {isa = PBXBuildFile; fileRef = RB000004; };
		RA000005 /* OllamaSummarizer.swift in Sources */ = {isa = PBXBuildFile; fileRef = RB000005; };
		RA000006 /* SessionListView.swift in Sources */ = {isa = PBXBuildFile; fileRef = RB000006; };
		RA000007 /* Models.swift in Sources */ = {isa = PBXBuildFile; fileRef = RB000007; };
		RA000008 /* SessionsWindowView.swift in Sources */ = {isa = PBXBuildFile; fileRef = RB000009; };
/* End PBXBuildFile section */

/* Begin PBXFileReference section */
		RB000001 /* RogersApp.swift */ = {isa = PBXFileReference; lastKnownFileType = sourcecode.swift; path = RogersApp.swift; sourceTree = "<group>"; };
		RB000002 /* RogersCoordinator.swift */ = {isa = PBXFileReference; lastKnownFileType = sourcecode.swift; path = RogersCoordinator.swift; sourceTree = "<group>"; };
		RB000003 /* ThreadReader.swift */ = {isa = PBXFileReference; lastKnownFileType = sourcecode.swift; path = ThreadReader.swift; sourceTree = "<group>"; };
		RB000004 /* SessionStore.swift */ = {isa = PBXFileReference; lastKnownFileType = sourcecode.swift; path = SessionStore.swift; sourceTree = "<group>"; };
		RB000005 /* OllamaSummarizer.swift */ = {isa = PBXFileReference; lastKnownFileType = sourcecode.swift; path = OllamaSummarizer.swift; sourceTree = "<group>"; };
		RB000006 /* SessionListView.swift */ = {isa = PBXFileReference; lastKnownFileType = sourcecode.swift; path = SessionListView.swift; sourceTree = "<group>"; };
		RB000007 /* Models.swift */ = {isa = PBXFileReference; lastKnownFileType = sourcecode.swift; path = Models.swift; sourceTree = "<group>"; };
		RB000008 /* Info.plist */ = {isa = PBXFileReference; lastKnownFileType = text.plist.xml; path = Info.plist; sourceTree = "<group>"; };
		RB000009 /* SessionsWindowView.swift */ = {isa = PBXFileReference; lastKnownFileType = sourcecode.swift; path = SessionsWindowView.swift; sourceTree = "<group>"; };
		RC000001 /* Rogers.app */ = {isa = PBXFileReference; explicitFileType = wrapper.application; includeInIndex = 0; path = Rogers.app; sourceTree = BUILT_PRODUCTS_DIR; };
/* End PBXFileReference section */

/* Begin PBXFrameworksBuildPhase section */
		RD000001 /* Frameworks */ = {
			isa = PBXFrameworksBuildPhase;
			buildActionMask = 2147483647;
			files = (
			);
			runOnlyForDeploymentPostprocessing = 0;
		};
/* End PBXFrameworksBuildPhase section */

/* Begin PBXGroup section */
		RE000001 = {
			isa = PBXGroup;
			children = (
				RE000002 /* Rogers */,
				RE000003 /* Products */,
			);
			sourceTree = "<group>";
		};
		RE000002 /* Rogers */ = {
			isa = PBXGroup;
			children = (
				RB000001 /* RogersApp.swift */,
				RB000002 /* RogersCoordinator.swift */,
				RB000003 /* ThreadReader.swift */,
				RB000004 /* SessionStore.swift */,
				RB000005 /* OllamaSummarizer.swift */,
				RB000006 /* SessionListView.swift */,
				RB000009 /* SessionsWindowView.swift */,
				RB000007 /* Models.swift */,
				RB000008 /* Info.plist */,
			);
			path = Rogers;
			sourceTree = "<group>";
		};
		RE000003 /* Products */ = {
			isa = PBXGroup;
			children = (
				RC000001 /* Rogers.app */,
			);
			name = Products;
			sourceTree = "<group>";
		};
/* End PBXGroup section */

/* Begin PBXNativeTarget section */
		RX000001 /* Deploy to Applications */ = {
			isa = PBXShellScriptBuildPhase;
			buildActionMask = 2147483647;
			files = (
			);
			inputFileListPaths = (
			);
			inputPaths = (
			);
			name = "Deploy to Applications";
			outputFileListPaths = (
			);
			outputPaths = (
			);
			runOnlyForDeploymentPostprocessing = 0;
			shellPath = /bin/sh;
			shellScript = "# Copy to /Applications so AX permission persists across rebuilds\nif [ -d /Applications/Rogers.app ]; then\n    rm -rf /Applications/Rogers.app\nfi\ncp -R \"${BUILT_PRODUCTS_DIR}/Rogers.app\" /Applications/Rogers.app\n# Ad-hoc sign so macOS will launch it\ncodesign --force --sign - --deep --preserve-metadata=entitlements /Applications/Rogers.app\nxattr -cr /Applications/Rogers.app\necho \"Deployed Rogers.app to /Applications (ad-hoc signed)\"\n";
		};
		RF000001 /* Rogers */ = {
			isa = PBXNativeTarget;
			buildConfigurationList = R1000001 /* Build configuration list for PBXNativeTarget "Rogers" */;
			buildPhases = (
				RG000001 /* Sources */,
				RD000001 /* Frameworks */,
				RX000001 /* Deploy to Applications */,
			);
			buildRules = (
			);
			dependencies = (
			);
			name = Rogers;
			productName = Rogers;
			productReference = RC000001 /* Rogers.app */;
			productType = "com.apple.product-type.application";
		};
/* End PBXNativeTarget section */

/* Begin PBXProject section */
		RH000001 /* Project object */ = {
			isa = PBXProject;
			attributes = {
				BuildIndependentTargetsInParallel = 1;
				LastSwiftUpdateCheck = 1500;
				LastUpgradeCheck = 1500;
			};
			buildConfigurationList = R1000002 /* Build configuration list for PBXProject "Rogers" */;
			compatibilityVersion = "Xcode 14.0";
			developmentRegion = en;
			hasScannedForEncodings = 0;
			knownRegions = (
				en,
				Base,
			);
			mainGroup = RE000001;
			productRefGroup = RE000003 /* Products */;
			projectDirPath = "";
			projectRoot = "";
			targets = (
				RF000001 /* Rogers */,
			);
		};
/* End PBXProject section */

/* Begin PBXSourcesBuildPhase section */
		RG000001 /* Sources */ = {
			isa = PBXSourcesBuildPhase;
			buildActionMask = 2147483647;
			files = (
				RA000001 /* RogersApp.swift in Sources */,
				RA000002 /* RogersCoordinator.swift in Sources */,
				RA000003 /* ThreadReader.swift in Sources */,
				RA000004 /* SessionStore.swift in Sources */,
				RA000005 /* OllamaSummarizer.swift in Sources */,
				RA000006 /* SessionListView.swift in Sources */,
				RA000007 /* Models.swift in Sources */,
				RA000008 /* SessionsWindowView.swift in Sources */,
			);
			runOnlyForDeploymentPostprocessing = 0;
		};
/* End PBXSourcesBuildPhase section */

/* Begin XCBuildConfiguration section */
		R0000001 /* Debug */ = {
			isa = XCBuildConfiguration;
			buildSettings = {
				ASSETCATALOG_COMPILER_APPICON_NAME = AppIcon;
				CODE_SIGN_ENTITLEMENTS = "";
				CODE_SIGN_STYLE = Automatic;
				CURRENT_PROJECT_VERSION = 1;
				DEVELOPMENT_TEAM = "";
				ENABLE_HARDENED_RUNTIME = NO;
				GENERATE_INFOPLIST_FILE = YES;
				INFOPLIST_FILE = Rogers/Info.plist;
				INFOPLIST_KEY_LSUIElement = YES;
				INFOPLIST_KEY_NSMainNibFile = "";
				LD_RUNPATH_SEARCH_PATHS = (
					"$(inherited)",
					"@executable_path/../Frameworks",
				);
				MARKETING_VERSION = 0.1.0;
				PRODUCT_BUNDLE_IDENTIFIER = com.rogers.app;
				PRODUCT_NAME = "$(TARGET_NAME)";
				SWIFT_EMIT_LOC_STRINGS = YES;
				SWIFT_VERSION = 5.0;
			};
			name = Debug;
		};
		R0000002 /* Release */ = {
			isa = XCBuildConfiguration;
			buildSettings = {
				ASSETCATALOG_COMPILER_APPICON_NAME = AppIcon;
				CODE_SIGN_ENTITLEMENTS = "";
				CODE_SIGN_STYLE = Automatic;
				CURRENT_PROJECT_VERSION = 1;
				DEVELOPMENT_TEAM = "";
				ENABLE_HARDENED_RUNTIME = NO;
				GENERATE_INFOPLIST_FILE = YES;
				INFOPLIST_FILE = Rogers/Info.plist;
				INFOPLIST_KEY_LSUIElement = YES;
				INFOPLIST_KEY_NSMainNibFile = "";
				LD_RUNPATH_SEARCH_PATHS = (
					"$(inherited)",
					"@executable_path/../Frameworks",
				);
				MARKETING_VERSION = 0.1.0;
				PRODUCT_BUNDLE_IDENTIFIER = com.rogers.app;
				PRODUCT_NAME = "$(TARGET_NAME)";
				SWIFT_EMIT_LOC_STRINGS = YES;
				SWIFT_VERSION = 5.0;
			};
			name = Release;
		};
		R0000003 /* Debug */ = {
			isa = XCBuildConfiguration;
			buildSettings = {
				ALWAYS_SEARCH_USER_PATHS = NO;
				CLANG_ANALYZER_NONNULL = YES;
				CLANG_CXX_LANGUAGE_STANDARD = "gnu++20";
				CLANG_ENABLE_MODULES = YES;
				CLANG_ENABLE_OBJC_ARC = YES;
				COPY_PHASE_STRIP = NO;
				DEBUG_INFORMATION_FORMAT = dwarf;
				ENABLE_STRICT_OBJC_MSGSEND = YES;
				ENABLE_TESTABILITY = YES;
				GCC_DYNAMIC_NO_PIC = NO;
				GCC_NO_COMMON_BLOCKS = YES;
				GCC_OPTIMIZATION_LEVEL = 0;
				GCC_PREPROCESSOR_DEFINITIONS = (
					"DEBUG=1",
					"$(inherited)",
				);
				GCC_WARN_64_TO_32_BIT_CONVERSION = YES;
				GCC_WARN_ABOUT_RETURN_TYPE = YES_ERROR;
				GCC_WARN_UNDECLARED_SELECTOR = YES;
				GCC_WARN_UNINITIALIZED_AUTOS = YES_AGGRESSIVE;
				GCC_WARN_UNUSED_FUNCTION = YES;
				GCC_WARN_UNUSED_VARIABLE = YES;
				MACOSX_DEPLOYMENT_TARGET = 14.0;
				MTL_ENABLE_DEBUG_INFO = INCLUDE_SOURCE;
				MTL_FAST_MATH = YES;
				ONLY_ACTIVE_ARCH = YES;
				SDKROOT = macosx;
				SWIFT_ACTIVE_COMPILATION_CONDITIONS = DEBUG;
				SWIFT_OPTIMIZATION_LEVEL = "-Onone";
			};
			name = Debug;
		};
		R0000004 /* Release */ = {
			isa = XCBuildConfiguration;
			buildSettings = {
				ALWAYS_SEARCH_USER_PATHS = NO;
				CLANG_ANALYZER_NONNULL = YES;
				CLANG_CXX_LANGUAGE_STANDARD = "gnu++20";
				CLANG_ENABLE_MODULES = YES;
				CLANG_ENABLE_OBJC_ARC = YES;
				COPY_PHASE_STRIP = NO;
				DEBUG_INFORMATION_FORMAT = "dwarf-with-dsym";
				ENABLE_NS_ASSERTIONS = NO;
				ENABLE_STRICT_OBJC_MSGSEND = YES;
				GCC_NO_COMMON_BLOCKS = YES;
				GCC_WARN_64_TO_32_BIT_CONVERSION = YES;
				GCC_WARN_ABOUT_RETURN_TYPE = YES_ERROR;
				GCC_WARN_UNDECLARED_SELECTOR = YES;
				GCC_WARN_UNINITIALIZED_AUTOS = YES_AGGRESSIVE;
				GCC_WARN_UNUSED_FUNCTION = YES;
				GCC_WARN_UNUSED_VARIABLE = YES;
				MACOSX_DEPLOYMENT_TARGET = 14.0;
				MTL_FAST_MATH = YES;
				SDKROOT = macosx;
				SWIFT_COMPILATION_MODE = wholemodule;
				SWIFT_OPTIMIZATION_LEVEL = "-O";
			};
			name = Release;
		};
/* End XCBuildConfiguration section */

/* Begin XCConfigurationList section */
		R1000001 /* Build configuration list for PBXNativeTarget "Rogers" */ = {
			isa = XCConfigurationList;
			buildConfigurations = (
				R0000001 /* Debug */,
				R0000002 /* Release */,
			);
			defaultConfigurationIsVisible = 0;
			defaultConfigurationName = Release;
		};
		R1000002 /* Build configuration list for PBXProject "Rogers" */ = {
			isa = XCConfigurationList;
			buildConfigurations = (
				R0000003 /* Debug */,
				R0000004 /* Release */,
			);
			defaultConfigurationIsVisible = 0;
			defaultConfigurationName = Release;
		};
/* End XCConfigurationList section */

	};
	rootObject = RH000001 /* Project object */;
}
