// !$*UTF8*$!
{
	archiveVersion = 1;
	classes = {
	};
	objectVersion = 56;
	objects = {

/* Begin PBXBuildFile section */
		AA200001 /* BuckCodexApp.swift in Sources */ = {isa = PBXBuildFile; fileRef = AB200001; };
		AA200002 /* Models.swift in Sources */ = {isa = PBXBuildFile; fileRef = AB200002; };
		AA200003 /* OpenAIRunner.swift in Sources */ = {isa = PBXBuildFile; fileRef = AB200003; };
		AA200004 /* ANSIStripper.swift in Sources */ = {isa = PBXBuildFile; fileRef = AB200004; };
		AA200005 /* ContentView.swift in Sources */ = {isa = PBXBuildFile; fileRef = AB200005; };
		AA200006 /* MessageView.swift in Sources */ = {isa = PBXBuildFile; fileRef = AB200006; };
		AA200007 /* SidebarView.swift in Sources */ = {isa = PBXBuildFile; fileRef = AB200007; };
/* End PBXBuildFile section */

/* Begin PBXFileReference section */
		AB200001 /* BuckCodexApp.swift */ = {isa = PBXFileReference; lastKnownFileType = sourcecode.swift; path = BuckCodexApp.swift; sourceTree = "<group>"; };
		AB200002 /* Models.swift */ = {isa = PBXFileReference; lastKnownFileType = sourcecode.swift; path = Models.swift; sourceTree = "<group>"; };
		AB200003 /* OpenAIRunner.swift */ = {isa = PBXFileReference; lastKnownFileType = sourcecode.swift; path = OpenAIRunner.swift; sourceTree = "<group>"; };
		AB200004 /* ANSIStripper.swift */ = {isa = PBXFileReference; lastKnownFileType = sourcecode.swift; path = ANSIStripper.swift; sourceTree = "<group>"; };
		AB200005 /* ContentView.swift */ = {isa = PBXFileReference; lastKnownFileType = sourcecode.swift; path = ContentView.swift; sourceTree = "<group>"; };
		AB200006 /* MessageView.swift */ = {isa = PBXFileReference; lastKnownFileType = sourcecode.swift; path = MessageView.swift; sourceTree = "<group>"; };
		AB200007 /* SidebarView.swift */ = {isa = PBXFileReference; lastKnownFileType = sourcecode.swift; path = SidebarView.swift; sourceTree = "<group>"; };
		AB200008 /* Info.plist */ = {isa = PBXFileReference; lastKnownFileType = text.plist.xml; path = Info.plist; sourceTree = "<group>"; };
		AC200001 /* BuckCodex.app */ = {isa = PBXFileReference; explicitFileType = wrapper.application; includeInIndex = 0; path = BuckCodex.app; sourceTree = BUILT_PRODUCTS_DIR; };
/* End PBXFileReference section */

/* Begin PBXFrameworksBuildPhase section */
		AD200001 /* Frameworks */ = {
			isa = PBXFrameworksBuildPhase;
			buildActionMask = 2147483647;
			files = (
			);
			runOnlyForDeploymentPostprocessing = 0;
		};
/* End PBXFrameworksBuildPhase section */

/* Begin PBXGroup section */
		AE200001 = {
			isa = PBXGroup;
			children = (
				AE200002 /* BuckCodex */,
				AE200003 /* Products */,
			);
			sourceTree = "<group>";
		};
		AE200002 /* BuckCodex */ = {
			isa = PBXGroup;
			children = (
				AB200001 /* BuckCodexApp.swift */,
				AB200002 /* Models.swift */,
				AB200003 /* OpenAIRunner.swift */,
				AB200004 /* ANSIStripper.swift */,
				AB200005 /* ContentView.swift */,
				AB200006 /* MessageView.swift */,
				AB200007 /* SidebarView.swift */,
				AB200008 /* Info.plist */,
			);
			path = BuckCodex;
			sourceTree = "<group>";
		};
		AE200003 /* Products */ = {
			isa = PBXGroup;
			children = (
				AC200001 /* BuckCodex.app */,
			);
			name = Products;
			sourceTree = "<group>";
		};
/* End PBXGroup section */

/* Begin PBXNativeTarget section */
		AX200001 /* Deploy to Applications */ = {
			isa = PBXShellScriptBuildPhase;
			buildActionMask = 2147483647;
			files = (
			);
			inputFileListPaths = (
			);
			inputPaths = (
			);
			name = "Deploy to Applications";
			outputFileListPaths = (
			);
			outputPaths = (
			);
			runOnlyForDeploymentPostprocessing = 0;
			shellPath = /bin/sh;
			shellScript = "if [ -d /Applications/BuckCodex.app ]; then\n    rm -rf /Applications/BuckCodex.app\nfi\ncp -R \"${BUILT_PRODUCTS_DIR}/BuckCodex.app\" /Applications/BuckCodex.app\ncodesign --force --sign - --deep --preserve-metadata=entitlements /Applications/BuckCodex.app\nxattr -cr /Applications/BuckCodex.app\necho \"Deployed BuckCodex.app to /Applications\"\n";
		};
		AF200001 /* BuckCodex */ = {
			isa = PBXNativeTarget;
			buildConfigurationList = B1200001 /* Build configuration list for PBXNativeTarget "BuckCodex" */;
			buildPhases = (
				AG200001 /* Sources */,
				AD200001 /* Frameworks */,
				AX200001 /* Deploy to Applications */,
			);
			buildRules = (
			);
			dependencies = (
			);
			name = BuckCodex;
			productName = BuckCodex;
			productReference = AC200001 /* BuckCodex.app */;
			productType = "com.apple.product-type.application";
		};
/* End PBXNativeTarget section */

/* Begin PBXProject section */
		AH200001 /* Project object */ = {
			isa = PBXProject;
			attributes = {
				BuildIndependentTargetsInParallel = 1;
				LastSwiftUpdateCheck = 1500;
				LastUpgradeCheck = 1500;
			};
			buildConfigurationList = B1200002 /* Build configuration list for PBXProject "BuckCodex" */;
			compatibilityVersion = "Xcode 14.0";
			developmentRegion = en;
			hasScannedForEncodings = 0;
			knownRegions = (
				en,
				Base,
			);
			mainGroup = AE200001;
			productRefGroup = AE200003 /* Products */;
			projectDirPath = "";
			projectRoot = "";
			targets = (
				AF200001 /* BuckCodex */,
			);
		};
/* End PBXProject section */

/* Begin PBXSourcesBuildPhase section */
		AG200001 /* Sources */ = {
			isa = PBXSourcesBuildPhase;
			buildActionMask = 2147483647;
			files = (
				AA200001 /* BuckCodexApp.swift in Sources */,
				AA200002 /* Models.swift in Sources */,
				AA200003 /* OpenAIRunner.swift in Sources */,
				AA200004 /* ANSIStripper.swift in Sources */,
				AA200005 /* ContentView.swift in Sources */,
				AA200006 /* MessageView.swift in Sources */,
				AA200007 /* SidebarView.swift in Sources */,
			);
			runOnlyForDeploymentPostprocessing = 0;
		};
/* End PBXSourcesBuildPhase section */

/* Begin XCBuildConfiguration section */
		B0200001 /* Debug */ = {
			isa = XCBuildConfiguration;
			buildSettings = {
				ASSETCATALOG_COMPILER_APPICON_NAME = AppIcon;
				CODE_SIGN_ENTITLEMENTS = "";
				CODE_SIGN_STYLE = Automatic;
				CURRENT_PROJECT_VERSION = 1;
				DEVELOPMENT_TEAM = "";
				ENABLE_HARDENED_RUNTIME = NO;
				GENERATE_INFOPLIST_FILE = YES;
				INFOPLIST_FILE = BuckCodex/Info.plist;
				INFOPLIST_KEY_NSMainNibFile = "";
				LD_RUNPATH_SEARCH_PATHS = (
					"$(inherited)",
					"@executable_path/../Frameworks",
				);
				MARKETING_VERSION = 0.1.0;
				PRODUCT_BUNDLE_IDENTIFIER = com.buckcodex.app;
				PRODUCT_NAME = "$(TARGET_NAME)";
				SWIFT_EMIT_LOC_STRINGS = YES;
				SWIFT_VERSION = 5.0;
			};
			name = Debug;
		};
		B0200002 /* Release */ = {
			isa = XCBuildConfiguration;
			buildSettings = {
				ASSETCATALOG_COMPILER_APPICON_NAME = AppIcon;
				CODE_SIGN_ENTITLEMENTS = "";
				CODE_SIGN_STYLE = Automatic;
				CURRENT_PROJECT_VERSION = 1;
				DEVELOPMENT_TEAM = "";
				ENABLE_HARDENED_RUNTIME = NO;
				GENERATE_INFOPLIST_FILE = YES;
				INFOPLIST_FILE = BuckCodex/Info.plist;
				INFOPLIST_KEY_NSMainNibFile = "";
				LD_RUNPATH_SEARCH_PATHS = (
					"$(inherited)",
					"@executable_path/../Frameworks",
				);
				MARKETING_VERSION = 0.1.0;
				PRODUCT_BUNDLE_IDENTIFIER = com.buckcodex.app;
				PRODUCT_NAME = "$(TARGET_NAME)";
				SWIFT_EMIT_LOC_STRINGS = YES;
				SWIFT_VERSION = 5.0;
			};
			name = Release;
		};
		B0200003 /* Debug */ = {
			isa = XCBuildConfiguration;
			buildSettings = {
				ALWAYS_SEARCH_USER_PATHS = NO;
				CLANG_ANALYZER_NONNULL = YES;
				CLANG_CXX_LANGUAGE_STANDARD = "gnu++20";
				CLANG_ENABLE_MODULES = YES;
				CLANG_ENABLE_OBJC_ARC = YES;
				COPY_PHASE_STRIP = NO;
				DEBUG_INFORMATION_FORMAT = dwarf;
				ENABLE_STRICT_OBJC_MSGSEND = YES;
				ENABLE_TESTABILITY = YES;
				GCC_DYNAMIC_NO_PIC = NO;
				GCC_NO_COMMON_BLOCKS = YES;
				GCC_OPTIMIZATION_LEVEL = 0;
				GCC_PREPROCESSOR_DEFINITIONS = (
					"DEBUG=1",
					"$(inherited)",
				);
				GCC_WARN_64_TO_32_BIT_CONVERSION = YES;
				GCC_WARN_ABOUT_RETURN_TYPE = YES_ERROR;
				GCC_WARN_UNDECLARED_SELECTOR = YES;
				GCC_WARN_UNINITIALIZED_AUTOS = YES_AGGRESSIVE;
				GCC_WARN_UNUSED_FUNCTION = YES;
				GCC_WARN_UNUSED_VARIABLE = YES;
				MACOSX_DEPLOYMENT_TARGET = 14.0;
				MTL_ENABLE_DEBUG_INFO = INCLUDE_SOURCE;
				MTL_FAST_MATH = YES;
				ONLY_ACTIVE_ARCH = YES;
				SDKROOT = macosx;
				SWIFT_ACTIVE_COMPILATION_CONDITIONS = DEBUG;
				SWIFT_OPTIMIZATION_LEVEL = "-Onone";
			};
			name = Debug;
		};
		B0200004 /* Release */ = {
			isa = XCBuildConfiguration;
			buildSettings = {
				ALWAYS_SEARCH_USER_PATHS = NO;
				CLANG_ANALYZER_NONNULL = YES;
				CLANG_CXX_LANGUAGE_STANDARD = "gnu++20";
				CLANG_ENABLE_MODULES = YES;
				CLANG_ENABLE_OBJC_ARC = YES;
				COPY_PHASE_STRIP = NO;
				DEBUG_INFORMATION_FORMAT = "dwarf-with-dsym";
				ENABLE_NS_ASSERTIONS = NO;
				ENABLE_STRICT_OBJC_MSGSEND = YES;
				GCC_NO_COMMON_BLOCKS = YES;
				GCC_WARN_64_TO_32_BIT_CONVERSION = YES;
				GCC_WARN_ABOUT_RETURN_TYPE = YES_ERROR;
				GCC_WARN_UNDECLARED_SELECTOR = YES;
				GCC_WARN_UNINITIALIZED_AUTOS = YES_AGGRESSIVE;
				GCC_WARN_UNUSED_FUNCTION = YES;
				GCC_WARN_UNUSED_VARIABLE = YES;
				MACOSX_DEPLOYMENT_TARGET = 14.0;
				MTL_FAST_MATH = YES;
				SDKROOT = macosx;
				SWIFT_COMPILATION_MODE = wholemodule;
				SWIFT_OPTIMIZATION_LEVEL = "-O";
			};
			name = Release;
		};
/* End XCBuildConfiguration section */

/* Begin XCConfigurationList section */
		B1200001 /* Build configuration list for PBXNativeTarget "BuckCodex" */ = {
			isa = XCConfigurationList;
			buildConfigurations = (
				B0200001 /* Debug */,
				B0200002 /* Release */,
			);
			defaultConfigurationIsVisible = 0;
			defaultConfigurationName = Release;
		};
		B1200002 /* Build configuration list for PBXProject "BuckCodex" */ = {
			isa = XCConfigurationList;
			buildConfigurations = (
				B0200003 /* Debug */,
				B0200004 /* Release */,
			);
			defaultConfigurationIsVisible = 0;
			defaultConfigurationName = Release;
		};
/* End XCConfigurationList section */

	};
	rootObject = AH200001 /* Project object */;
}
