// !$*UTF8*$!
{
	archiveVersion = 1;
	classes = {
	};
	objectVersion = 56;
	objects = {

/* Begin PBXBuildFile section */
		AA000001 /* BuckApp.swift in Sources */ = {isa = PBXBuildFile; fileRef = AB000001; };
		AA000002 /* BuckCoordinator.swift in Sources */ = {isa = PBXBuildFile; fileRef = AB000002; };
		AA000003 /* ChatGPTBridge.swift in Sources */ = {isa = PBXBuildFile; fileRef = AB000003; };
		AA000004 /* FileWatcher.swift in Sources */ = {isa = PBXBuildFile; fileRef = AB000004; };
		AA000005 /* ResponseWriter.swift in Sources */ = {isa = PBXBuildFile; fileRef = AB000005; };
		AA000006 /* Models.swift in Sources */ = {isa = PBXBuildFile; fileRef = AB000006; };
		AA000007 /* ChatHistoryStore.swift in Sources */ = {isa = PBXBuildFile; fileRef = AB000008; };
		AA000008 /* OllamaSummarizer.swift in Sources */ = {isa = PBXBuildFile; fileRef = AB000009; };
		AA000009 /* SessionManager.swift in Sources */ = {isa = PBXBuildFile; fileRef = AB000010; };
		AA000011 /* CursorBridge.swift in Sources */ = {isa = PBXBuildFile; fileRef = AB000011; };
		AA000012 /* BridgeProtocol.swift in Sources */ = {isa = PBXBuildFile; fileRef = AB000012; };
		AA000013 /* CodexBridge.swift in Sources */ = {isa = PBXBuildFile; fileRef = AB000013; };
/* End PBXBuildFile section */

/* Begin PBXFileReference section */
		AB000001 /* BuckApp.swift */ = {isa = PBXFileReference; lastKnownFileType = sourcecode.swift; path = BuckApp.swift; sourceTree = "<group>"; };
		AB000002 /* BuckCoordinator.swift */ = {isa = PBXFileReference; lastKnownFileType = sourcecode.swift; path = BuckCoordinator.swift; sourceTree = "<group>"; };
		AB000003 /* ChatGPTBridge.swift */ = {isa = PBXFileReference; lastKnownFileType = sourcecode.swift; path = ChatGPTBridge.swift; sourceTree = "<group>"; };
		AB000004 /* FileWatcher.swift */ = {isa = PBXFileReference; lastKnownFileType = sourcecode.swift; path = FileWatcher.swift; sourceTree = "<group>"; };
		AB000005 /* ResponseWriter.swift */ = {isa = PBXFileReference; lastKnownFileType = sourcecode.swift; path = ResponseWriter.swift; sourceTree = "<group>"; };
		AB000006 /* Models.swift */ = {isa = PBXFileReference; lastKnownFileType = sourcecode.swift; path = Models.swift; sourceTree = "<group>"; };
		AB000007 /* Info.plist */ = {isa = PBXFileReference; lastKnownFileType = text.plist.xml; path = Info.plist; sourceTree = "<group>"; };
		AB000008 /* ChatHistoryStore.swift */ = {isa = PBXFileReference; lastKnownFileType = sourcecode.swift; path = ChatHistoryStore.swift; sourceTree = "<group>"; };
		AB000009 /* OllamaSummarizer.swift */ = {isa = PBXFileReference; lastKnownFileType = sourcecode.swift; path = OllamaSummarizer.swift; sourceTree = "<group>"; };
		AB000010 /* SessionManager.swift */ = {isa = PBXFileReference; lastKnownFileType = sourcecode.swift; path = SessionManager.swift; sourceTree = "<group>"; };
		AB000011 /* CursorBridge.swift */ = {isa = PBXFileReference; lastKnownFileType = sourcecode.swift; path = CursorBridge.swift; sourceTree = "<group>"; };
		AB000012 /* BridgeProtocol.swift */ = {isa = PBXFileReference; lastKnownFileType = sourcecode.swift; path = BridgeProtocol.swift; sourceTree = "<group>"; };
		AB000013 /* CodexBridge.swift */ = {isa = PBXFileReference; lastKnownFileType = sourcecode.swift; path = CodexBridge.swift; sourceTree = "<group>"; };
		AC000001 /* Buck.app */ = {isa = PBXFileReference; explicitFileType = wrapper.application; includeInIndex = 0; path = Buck.app; sourceTree = BUILT_PRODUCTS_DIR; };
/* End PBXFileReference section */

/* Begin PBXFrameworksBuildPhase section */
		AD000001 /* Frameworks */ = {
			isa = PBXFrameworksBuildPhase;
			buildActionMask = 2147483647;
			files = (
			);
			runOnlyForDeploymentPostprocessing = 0;
		};
/* End PBXFrameworksBuildPhase section */

/* Begin PBXGroup section */
		AE000001 = {
			isa = PBXGroup;
			children = (
				AE000002 /* Buck */,
				AE000003 /* Products */,
			);
			sourceTree = "<group>";
		};
		AE000002 /* Buck */ = {
			isa = PBXGroup;
			children = (
				AB000001 /* BuckApp.swift */,
				AB000002 /* BuckCoordinator.swift */,
				AB000012 /* BridgeProtocol.swift */,
				AB000003 /* ChatGPTBridge.swift */,
				AB000011 /* CursorBridge.swift */,
				AB000013 /* CodexBridge.swift */,
				AB000004 /* FileWatcher.swift */,
				AB000005 /* ResponseWriter.swift */,
				AB000006 /* Models.swift */,
				AB000008 /* ChatHistoryStore.swift */,
				AB000009 /* OllamaSummarizer.swift */,
				AB000010 /* SessionManager.swift */,
				AB000007 /* Info.plist */,
			);
			path = Buck;
			sourceTree = "<group>";
		};
		AE000003 /* Products */ = {
			isa = PBXGroup;
			children = (
				AC000001 /* Buck.app */,
			);
			name = Products;
			sourceTree = "<group>";
		};
/* End PBXGroup section */

/* Begin PBXNativeTarget section */
		AX000001 /* Deploy to Applications */ = {
			isa = PBXShellScriptBuildPhase;
			buildActionMask = 2147483647;
			files = (
			);
			inputFileListPaths = (
			);
			inputPaths = (
			);
			name = "Deploy to Applications";
			outputFileListPaths = (
			);
			outputPaths = (
			);
			runOnlyForDeploymentPostprocessing = 0;
			shellPath = /bin/sh;
			shellScript = "# Copy to /Applications so AX permission persists across rebuilds\nif [ -d /Applications/Buck.app ]; then\n    rm -rf /Applications/Buck.app\nfi\ncp -R \"${BUILT_PRODUCTS_DIR}/Buck.app\" /Applications/Buck.app\n# Ad-hoc sign so macOS will launch it\ncodesign --force --sign - --deep --preserve-metadata=entitlements /Applications/Buck.app\nxattr -cr /Applications/Buck.app\necho \"Deployed Buck.app to /Applications (ad-hoc signed)\"\n";
		};
		AF000001 /* Buck */ = {
			isa = PBXNativeTarget;
			buildConfigurationList = B1000001 /* Build configuration list for PBXNativeTarget "Buck" */;
			buildPhases = (
				AG000001 /* Sources */,
				AD000001 /* Frameworks */,
				AX000001 /* Deploy to Applications */,
			);
			buildRules = (
			);
			dependencies = (
			);
			name = Buck;
			productName = Buck;
			productReference = AC000001 /* Buck.app */;
			productType = "com.apple.product-type.application";
		};
/* End PBXNativeTarget section */

/* Begin PBXProject section */
		AH000001 /* Project object */ = {
			isa = PBXProject;
			attributes = {
				BuildIndependentTargetsInParallel = 1;
				LastSwiftUpdateCheck = 1500;
				LastUpgradeCheck = 1500;
			};
			buildConfigurationList = B1000002 /* Build configuration list for PBXProject "Buck" */;
			compatibilityVersion = "Xcode 14.0";
			developmentRegion = en;
			hasScannedForEncodings = 0;
			knownRegions = (
				en,
				Base,
			);
			mainGroup = AE000001;
			productRefGroup = AE000003 /* Products */;
			projectDirPath = "";
			projectRoot = "";
			targets = (
				AF000001 /* Buck */,
			);
		};
/* End PBXProject section */

/* Begin PBXSourcesBuildPhase section */
		AG000001 /* Sources */ = {
			isa = PBXSourcesBuildPhase;
			buildActionMask = 2147483647;
			files = (
				AA000001 /* BuckApp.swift in Sources */,
				AA000002 /* BuckCoordinator.swift in Sources */,
				AA000003 /* ChatGPTBridge.swift in Sources */,
				AA000004 /* FileWatcher.swift in Sources */,
				AA000005 /* ResponseWriter.swift in Sources */,
				AA000006 /* Models.swift in Sources */,
				AA000007 /* ChatHistoryStore.swift in Sources */,
				AA000008 /* OllamaSummarizer.swift in Sources */,
				AA000009 /* SessionManager.swift in Sources */,
				AA000011 /* CursorBridge.swift in Sources */,
				AA000012 /* BridgeProtocol.swift in Sources */,
				AA000013 /* CodexBridge.swift in Sources */,
			);
			runOnlyForDeploymentPostprocessing = 0;
		};
/* End PBXSourcesBuildPhase section */

/* Begin XCBuildConfiguration section */
		B0000001 /* Debug */ = {
			isa = XCBuildConfiguration;
			buildSettings = {
				ASSETCATALOG_COMPILER_APPICON_NAME = AppIcon;
				CODE_SIGN_ENTITLEMENTS = "";
				CODE_SIGN_STYLE = Automatic;
				CURRENT_PROJECT_VERSION = 1;
				DEVELOPMENT_TEAM = "";
				ENABLE_HARDENED_RUNTIME = NO;
				GENERATE_INFOPLIST_FILE = YES;
				INFOPLIST_FILE = Buck/Info.plist;
				INFOPLIST_KEY_LSUIElement = YES;
				INFOPLIST_KEY_NSMainNibFile = "";
				LD_RUNPATH_SEARCH_PATHS = (
					"$(inherited)",
					"@executable_path/../Frameworks",
				);
				MARKETING_VERSION = 0.1.0;
				PRODUCT_BUNDLE_IDENTIFIER = com.buck.app;
				PRODUCT_NAME = "$(TARGET_NAME)";
				SWIFT_EMIT_LOC_STRINGS = YES;
				SWIFT_VERSION = 5.0;
			};
			name = Debug;
		};
		B0000002 /* Release */ = {
			isa = XCBuildConfiguration;
			buildSettings = {
				ASSETCATALOG_COMPILER_APPICON_NAME = AppIcon;
				CODE_SIGN_ENTITLEMENTS = "";
				CODE_SIGN_STYLE = Automatic;
				CURRENT_PROJECT_VERSION = 1;
				DEVELOPMENT_TEAM = "";
				ENABLE_HARDENED_RUNTIME = NO;
				GENERATE_INFOPLIST_FILE = YES;
				INFOPLIST_FILE = Buck/Info.plist;
				INFOPLIST_KEY_LSUIElement = YES;
				INFOPLIST_KEY_NSMainNibFile = "";
				LD_RUNPATH_SEARCH_PATHS = (
					"$(inherited)",
					"@executable_path/../Frameworks",
				);
				MARKETING_VERSION = 0.1.0;
				PRODUCT_BUNDLE_IDENTIFIER = com.buck.app;
				PRODUCT_NAME = "$(TARGET_NAME)";
				SWIFT_EMIT_LOC_STRINGS = YES;
				SWIFT_VERSION = 5.0;
			};
			name = Release;
		};
		B0000003 /* Debug */ = {
			isa = XCBuildConfiguration;
			buildSettings = {
				ALWAYS_SEARCH_USER_PATHS = NO;
				CLANG_ANALYZER_NONNULL = YES;
				CLANG_CXX_LANGUAGE_STANDARD = "gnu++20";
				CLANG_ENABLE_MODULES = YES;
				CLANG_ENABLE_OBJC_ARC = YES;
				COPY_PHASE_STRIP = NO;
				DEBUG_INFORMATION_FORMAT = dwarf;
				ENABLE_STRICT_OBJC_MSGSEND = YES;
				ENABLE_TESTABILITY = YES;
				GCC_DYNAMIC_NO_PIC = NO;
				GCC_NO_COMMON_BLOCKS = YES;
				GCC_OPTIMIZATION_LEVEL = 0;
				GCC_PREPROCESSOR_DEFINITIONS = (
					"DEBUG=1",
					"$(inherited)",
				);
				GCC_WARN_64_TO_32_BIT_CONVERSION = YES;
				GCC_WARN_ABOUT_RETURN_TYPE = YES_ERROR;
				GCC_WARN_UNDECLARED_SELECTOR = YES;
				GCC_WARN_UNINITIALIZED_AUTOS = YES_AGGRESSIVE;
				GCC_WARN_UNUSED_FUNCTION = YES;
				GCC_WARN_UNUSED_VARIABLE = YES;
				MACOSX_DEPLOYMENT_TARGET = 14.0;
				MTL_ENABLE_DEBUG_INFO = INCLUDE_SOURCE;
				MTL_FAST_MATH = YES;
				ONLY_ACTIVE_ARCH = YES;
				SDKROOT = macosx;
				SWIFT_ACTIVE_COMPILATION_CONDITIONS = DEBUG;
				SWIFT_OPTIMIZATION_LEVEL = "-Onone";
			};
			name = Debug;
		};
		B0000004 /* Release */ = {
			isa = XCBuildConfiguration;
			buildSettings = {
				ALWAYS_SEARCH_USER_PATHS = NO;
				CLANG_ANALYZER_NONNULL = YES;
				CLANG_CXX_LANGUAGE_STANDARD = "gnu++20";
				CLANG_ENABLE_MODULES = YES;
				CLANG_ENABLE_OBJC_ARC = YES;
				COPY_PHASE_STRIP = NO;
				DEBUG_INFORMATION_FORMAT = "dwarf-with-dsym";
				ENABLE_NS_ASSERTIONS = NO;
				ENABLE_STRICT_OBJC_MSGSEND = YES;
				GCC_NO_COMMON_BLOCKS = YES;
				GCC_WARN_64_TO_32_BIT_CONVERSION = YES;
				GCC_WARN_ABOUT_RETURN_TYPE = YES_ERROR;
				GCC_WARN_UNDECLARED_SELECTOR = YES;
				GCC_WARN_UNINITIALIZED_AUTOS = YES_AGGRESSIVE;
				GCC_WARN_UNUSED_FUNCTION = YES;
				GCC_WARN_UNUSED_VARIABLE = YES;
				MACOSX_DEPLOYMENT_TARGET = 14.0;
				MTL_FAST_MATH = YES;
				SDKROOT = macosx;
				SWIFT_COMPILATION_MODE = wholemodule;
				SWIFT_OPTIMIZATION_LEVEL = "-O";
			};
			name = Release;
		};
/* End XCBuildConfiguration section */

/* Begin XCConfigurationList section */
		B1000001 /* Build configuration list for PBXNativeTarget "Buck" */ = {
			isa = XCConfigurationList;
			buildConfigurations = (
				B0000001 /* Debug */,
				B0000002 /* Release */,
			);
			defaultConfigurationIsVisible = 0;
			defaultConfigurationName = Release;
		};
		B1000002 /* Build configuration list for PBXProject "Buck" */ = {
			isa = XCConfigurationList;
			buildConfigurations = (
				B0000003 /* Debug */,
				B0000004 /* Release */,
			);
			defaultConfigurationIsVisible = 0;
			defaultConfigurationName = Release;
		};
/* End XCConfigurationList section */

	};
	rootObject = AH000001 /* Project object */;
}
